
Microsoft Visual Studio Solution File, Format Version 12.00
# Visual Studio Version 16
VisualStudioVersion = 16.0.31321.278
MinimumVisualStudioVersion = 10.0.40219.1
Project("{FAE04EC0-301F-11D3-BF4B-00C04F79EFBC}") = "TimPortfolioApp", "TimPortfolioApp\TimPortfolioApp.csproj", "{45CD8E13-B213-4EFF-B6A1-9857F6F990B4}"
EndProject
Project("{FAE04EC0-301F-11D3-BF4B-00C04F79EFBC}") = "TimPortfolioApp.Tests", "TimPortfolioApp.Tests\TimPortfolioApp.Tests.csproj", "{C98D1E3E-00EC-44F0-964D-E0834DD36859}"
EndProject
Global
	GlobalSection(SolutionConfigurationPlatforms) = preSolution
		Debug|Any CPU = Debug|Any CPU
		Release|Any CPU = Release|Any CPU
	EndGlobalSection
	GlobalSection(ProjectConfigurationPlatforms) = postSolution
		{45CD8E13-B213-4EFF-B6A1-9857F6F990B4}.Debug|Any CPU.ActiveCfg = Debug|Any CPU
		{45CD8E13-B213-4EFF-B6A1-9857F6F990B4}.Debug|Any CPU.Build.0 = Debug|Any CPU
		{45CD8E13-B213-4EFF-B6A1-9857F6F990B4}.Release|Any CPU.ActiveCfg = Release|Any CPU
		{45CD8E13-B213-4EFF-B6A1-9857F6F990B4}.Release|Any CPU.Build.0 = Release|Any CPU
		{C98D1E3E-00EC-44F0-964D-E0834DD36859}.Debug|Any CPU.ActiveCfg = Debug|Any CPU
		{C98D1E3E-00EC-44F0-964D-E0834DD36859}.Debug|Any CPU.Build.0 = Debug|Any CPU
		{C98D1E3E-00EC-44F0-964D-E0834DD36859}.Release|Any CPU.ActiveCfg = Release|Any CPU
		{C98D1E3E-00EC-44F0-964D-E0834DD36859}.Release|Any CPU.Build.0 = Release|Any CPU
	EndGlobalSection
	GlobalSection(SolutionProperties) = preSolution
		HideSolutionNode = FALSE
	EndGlobalSection
	GlobalSection(ExtensibilityGlobals) = postSolution
		SolutionGuid = {1E96D811-27BF-432A-BE1D-D7D62FB7BA76}
	EndGlobalSection
EndGlobal
